
Microsoft Visual Studio Solution File, Format Version 12.00
# Visual Studio Version 16
VisualStudioVersion = 16.0.31702.278
MinimumVisualStudioVersion = 10.0.40219.1
Project("{FAE04EC0-301F-11D3-BF4B-00C04F79EFBC}") = "AngularProject5", "AngularProject5.csproj", "{DA953C09-556F-4DFA-BCFD-F53403A49EBE}"
EndProject
Global
	GlobalSection(SolutionConfigurationPlatforms) = preSolution
		Debug|Any CPU = Debug|Any CPU
		Release|Any CPU = Release|Any CPU
	EndGlobalSection
	GlobalSection(ProjectConfigurationPlatforms) = postSolution
		{DA953C09-556F-4DFA-BCFD-F53403A49EBE}.Debug|Any CPU.ActiveCfg = Debug|Any CPU
		{DA953C09-556F-4DFA-BCFD-F53403A49EBE}.Debug|Any CPU.Build.0 = Debug|Any CPU
		{DA953C09-556F-4DFA-BCFD-F53403A49EBE}.Release|Any CPU.ActiveCfg = Release|Any CPU
		{DA953C09-556F-4DFA-BCFD-F53403A49EBE}.Release|Any CPU.Build.0 = Release|Any CPU
	EndGlobalSection
	GlobalSection(SolutionProperties) = preSolution
		HideSolutionNode = FALSE
	EndGlobalSection
	GlobalSection(ExtensibilityGlobals) = postSolution
		SolutionGuid = {72C1E92E-258A-4453-922D-88F0AE9997F0}
	EndGlobalSection
EndGlobal
